
Microsoft Visual Studio Solution File, Format Version 12.00
# Visual Studio Version 16
VisualStudioVersion = 16.0.29911.84
MinimumVisualStudioVersion = 10.0.40219.1
Project("{FAE04EC0-301F-11D3-BF4B-00C04F79EFBC}") = "WindowsFormsApp1Test", "WindowsFormsApp1Test\WindowsFormsApp1Test.csproj", "{021EEDF3-A459-4E81-BDF7-564BE33DF51C}"
EndProject
Global
	GlobalSection(SolutionConfigurationPlatforms) = preSolution
		Debug|Any CPU = Debug|Any CPU
		Release|Any CPU = Release|Any CPU
	EndGlobalSection
	GlobalSection(ProjectConfigurationPlatforms) = postSolution
		{021EEDF3-A459-4E81-BDF7-564BE33DF51C}.Debug|Any CPU.ActiveCfg = Debug|Any CPU
		{021EEDF3-A459-4E81-BDF7-564BE33DF51C}.Debug|Any CPU.Build.0 = Debug|Any CPU
		{021EEDF3-A459-4E81-BDF7-564BE33DF51C}.Release|Any CPU.ActiveCfg = Release|Any CPU
		{021EEDF3-A459-4E81-BDF7-564BE33DF51C}.Release|Any CPU.Build.0 = Release|Any CPU
	EndGlobalSection
	GlobalSection(SolutionProperties) = preSolution
		HideSolutionNode = FALSE
	EndGlobalSection
	GlobalSection(ExtensibilityGlobals) = postSolution
		SolutionGuid = {BE22FF38-ACA6-491C-8625-61730581BB1C}
	EndGlobalSection
EndGlobal
