
Microsoft Visual Studio Solution File, Format Version 12.00
# Visual Studio Version 16
VisualStudioVersion = 16.0.29418.71
MinimumVisualStudioVersion = 10.0.40219.1
Project("{FAE04EC0-301F-11D3-BF4B-00C04F79EFBC}") = "PetShop", "PetShop.csproj", "{BC1A1CA6-3B71-428E-B780-C13391EA39A3}"
EndProject
Global
	GlobalSection(SolutionConfigurationPlatforms) = preSolution
		Debug|Any CPU = Debug|Any CPU
		Release|Any CPU = Release|Any CPU
	EndGlobalSection
	GlobalSection(ProjectConfigurationPlatforms) = postSolution
		{BC1A1CA6-3B71-428E-B780-C13391EA39A3}.Debug|Any CPU.ActiveCfg = Debug|Any CPU
		{BC1A1CA6-3B71-428E-B780-C13391EA39A3}.Debug|Any CPU.Build.0 = Debug|Any CPU
		{BC1A1CA6-3B71-428E-B780-C13391EA39A3}.Release|Any CPU.ActiveCfg = Release|Any CPU
		{BC1A1CA6-3B71-428E-B780-C13391EA39A3}.Release|Any CPU.Build.0 = Release|Any CPU
	EndGlobalSection
	GlobalSection(SolutionProperties) = preSolution
		HideSolutionNode = FALSE
	EndGlobalSection
	GlobalSection(ExtensibilityGlobals) = postSolution
		SolutionGuid = {45D6C3E5-4D24-4E62-8EF0-38EDE9E9A5C5}
	EndGlobalSection
EndGlobal
