
Microsoft Visual Studio Solution File, Format Version 12.00
# Visual Studio Version 16
VisualStudioVersion = 16.0.30002.166
MinimumVisualStudioVersion = 10.0.40219.1
Project("{FAE04EC0-301F-11D3-BF4B-00C04F79EFBC}") = "15黄子豪sy3-1", "15黄子豪sy3-1\15黄子豪sy3-1.csproj", "{A2946C68-CFA8-4205-B4E1-4D15C70A21C9}"
EndProject
Global
	GlobalSection(SolutionConfigurationPlatforms) = preSolution
		Debug|Any CPU = Debug|Any CPU
		Release|Any CPU = Release|Any CPU
	EndGlobalSection
	GlobalSection(ProjectConfigurationPlatforms) = postSolution
		{A2946C68-CFA8-4205-B4E1-4D15C70A21C9}.Debug|Any CPU.ActiveCfg = Debug|Any CPU
		{A2946C68-CFA8-4205-B4E1-4D15C70A21C9}.Debug|Any CPU.Build.0 = Debug|Any CPU
		{A2946C68-CFA8-4205-B4E1-4D15C70A21C9}.Release|Any CPU.ActiveCfg = Release|Any CPU
		{A2946C68-CFA8-4205-B4E1-4D15C70A21C9}.Release|Any CPU.Build.0 = Release|Any CPU
	EndGlobalSection
	GlobalSection(SolutionProperties) = preSolution
		HideSolutionNode = FALSE
	EndGlobalSection
	GlobalSection(ExtensibilityGlobals) = postSolution
		SolutionGuid = {0AAFDE1D-6394-4E3F-BF0F-6DA1E5B6774A}
	EndGlobalSection
EndGlobal
