
Microsoft Visual Studio Solution File, Format Version 12.00
# Visual Studio Version 16
VisualStudioVersion = 16.0.29911.84
MinimumVisualStudioVersion = 10.0.40219.1
Project("{FAE04EC0-301F-11D3-BF4B-00C04F79EFBC}") = "15黄子豪sy2-3", "15黄子豪sy2-3\15黄子豪sy2-3.csproj", "{BD3174A0-59E5-4C1F-A7F7-F74A9069E136}"
EndProject
Global
	GlobalSection(SolutionConfigurationPlatforms) = preSolution
		Debug|Any CPU = Debug|Any CPU
		Release|Any CPU = Release|Any CPU
	EndGlobalSection
	GlobalSection(ProjectConfigurationPlatforms) = postSolution
		{BD3174A0-59E5-4C1F-A7F7-F74A9069E136}.Debug|Any CPU.ActiveCfg = Debug|Any CPU
		{BD3174A0-59E5-4C1F-A7F7-F74A9069E136}.Debug|Any CPU.Build.0 = Debug|Any CPU
		{BD3174A0-59E5-4C1F-A7F7-F74A9069E136}.Release|Any CPU.ActiveCfg = Release|Any CPU
		{BD3174A0-59E5-4C1F-A7F7-F74A9069E136}.Release|Any CPU.Build.0 = Release|Any CPU
	EndGlobalSection
	GlobalSection(SolutionProperties) = preSolution
		HideSolutionNode = FALSE
	EndGlobalSection
	GlobalSection(ExtensibilityGlobals) = postSolution
		SolutionGuid = {9386D5A9-A7C4-4324-BCFF-7503352505EA}
	EndGlobalSection
EndGlobal
