
Microsoft Visual Studio Solution File, Format Version 12.00
# Visual Studio Version 16
VisualStudioVersion = 16.0.29509.3
MinimumVisualStudioVersion = 10.0.40219.1
Project("{FAE04EC0-301F-11D3-BF4B-00C04F79EFBC}") = "15黄子豪实验1-3", "15黄子豪实验1-3.csproj", "{024AA744-53A1-4FB0-BFF5-7D2DCE379168}"
EndProject
Global
	GlobalSection(SolutionConfigurationPlatforms) = preSolution
		Debug|Any CPU = Debug|Any CPU
		Release|Any CPU = Release|Any CPU
	EndGlobalSection
	GlobalSection(ProjectConfigurationPlatforms) = postSolution
		{024AA744-53A1-4FB0-BFF5-7D2DCE379168}.Debug|Any CPU.ActiveCfg = Debug|Any CPU
		{024AA744-53A1-4FB0-BFF5-7D2DCE379168}.Debug|Any CPU.Build.0 = Debug|Any CPU
		{024AA744-53A1-4FB0-BFF5-7D2DCE379168}.Release|Any CPU.ActiveCfg = Release|Any CPU
		{024AA744-53A1-4FB0-BFF5-7D2DCE379168}.Release|Any CPU.Build.0 = Release|Any CPU
	EndGlobalSection
	GlobalSection(SolutionProperties) = preSolution
		HideSolutionNode = FALSE
	EndGlobalSection
	GlobalSection(ExtensibilityGlobals) = postSolution
		SolutionGuid = {02A14AF1-1482-41E3-A767-6167054C4F72}
	EndGlobalSection
EndGlobal
