
Microsoft Visual Studio Solution File, Format Version 12.00
# Visual Studio Version 16
VisualStudioVersion = 16.0.30011.22
MinimumVisualStudioVersion = 10.0.40219.1
Project("{FAE04EC0-301F-11D3-BF4B-00C04F79EFBC}") = "15黄子豪sy3-2", "15黄子豪sy3-2\15黄子豪sy3-2.csproj", "{0355327E-8006-4744-A347-AAF737F77FBA}"
EndProject
Global
	GlobalSection(SolutionConfigurationPlatforms) = preSolution
		Debug|Any CPU = Debug|Any CPU
		Release|Any CPU = Release|Any CPU
	EndGlobalSection
	GlobalSection(ProjectConfigurationPlatforms) = postSolution
		{0355327E-8006-4744-A347-AAF737F77FBA}.Debug|Any CPU.ActiveCfg = Debug|Any CPU
		{0355327E-8006-4744-A347-AAF737F77FBA}.Debug|Any CPU.Build.0 = Debug|Any CPU
		{0355327E-8006-4744-A347-AAF737F77FBA}.Release|Any CPU.ActiveCfg = Release|Any CPU
		{0355327E-8006-4744-A347-AAF737F77FBA}.Release|Any CPU.Build.0 = Release|Any CPU
	EndGlobalSection
	GlobalSection(SolutionProperties) = preSolution
		HideSolutionNode = FALSE
	EndGlobalSection
	GlobalSection(ExtensibilityGlobals) = postSolution
		SolutionGuid = {67CD3CF5-13C4-4F24-85C2-1D21AC3B6F6C}
	EndGlobalSection
EndGlobal
